// !$*UTF8*$!
{
	archiveVersion = 1;
	classes = {
	};
	objectVersion = 46;
	objects = {

/* Begin PBXBuildFile section */
		6B3609EB1E35AA7B00D9712F /* AppDelegate.swift in Sources */ = {isa = PBXBuildFile; fileRef = 6B3609EA1E35AA7B00D9712F /* AppDelegate.swift */; };
		6B3609ED1E35AA7B00D9712F /* ViewController.swift in Sources */ = {isa = PBXBuildFile; fileRef = 6B3609EC1E35AA7B00D9712F /* ViewController.swift */; };
		6B3609F01E35AA7B00D9712F /* Main.storyboard in Resources */ = {isa = PBXBuildFile; fileRef = 6B3609EE1E35AA7B00D9712F /* Main.storyboard */; };
		6B3609F21E35AA7B00D9712F /* Assets.xcassets in Resources */ = {isa = PBXBuildFile; fileRef = 6B3609F11E35AA7B00D9712F /* Assets.xcassets */; };
		6B3609F51E35AA7B00D9712F /* LaunchScreen.storyboard in Resources */ = {isa = PBXBuildFile; fileRef = 6B3609F31E35AA7B00D9712F /* LaunchScreen.storyboard */; };
		6B360A001E35B17600D9712F /* 1.jpg in Resources */ = {isa = PBXBuildFile; fileRef = 6B3609FD1E35B17600D9712F /* 1.jpg */; };
		6B360A011E35B17600D9712F /* 2.jpg in Resources */ = {isa = PBXBuildFile; fileRef = 6B3609FE1E35B17600D9712F /* 2.jpg */; };
		6B360A021E35B17600D9712F /* 3.jpg in Resources */ = {isa = PBXBuildFile; fileRef = 6B3609FF1E35B17600D9712F /* 3.jpg */; };
		6B360A041E35B19900D9712F /* SLSegueOneViewController.swift in Sources */ = {isa = PBXBuildFile; fileRef = 6B360A031E35B19800D9712F /* SLSegueOneViewController.swift */; };
		6B360A061E35B1A700D9712F /* SLSegueTwoViewController.swift in Sources */ = {isa = PBXBuildFile; fileRef = 6B360A051E35B1A700D9712F /* SLSegueTwoViewController.swift */; };
/* End PBXBuildFile section */

/* Begin PBXFileReference section */
		6B3609E71E35AA7B00D9712F /* Project 33.app */ = {isa = PBXFileReference; explicitFileType = wrapper.application; includeInIndex = 0; path = "Project 33.app"; sourceTree = BUILT_PRODUCTS_DIR; };
		6B3609EA1E35AA7B00D9712F /* AppDelegate.swift */ = {isa = PBXFileReference; lastKnownFileType = sourcecode.swift; path = AppDelegate.swift; sourceTree = "<group>"; };
		6B3609EC1E35AA7B00D9712F /* ViewController.swift */ = {isa = PBXFileReference; lastKnownFileType = sourcecode.swift; path = ViewController.swift; sourceTree = "<group>"; };
		6B3609EF1E35AA7B00D9712F /* Base */ = {isa = PBXFileReference; lastKnownFileType = file.storyboard; name = Base; path = Base.lproj/Main.storyboard; sourceTree = "<group>"; };
		6B3609F11E35AA7B00D9712F /* Assets.xcassets */ = {isa = PBXFileReference; lastKnownFileType = folder.assetcatalog; path = Assets.xcassets; sourceTree = "<group>"; };
		6B3609F41E35AA7B00D9712F /* Base */ = {isa = PBXFileReference; lastKnownFileType = file.storyboard; name = Base; path = Base.lproj/LaunchScreen.storyboard; sourceTree = "<group>"; };
		6B3609F61E35AA7B00D9712F /* Info.plist */ = {isa = PBXFileReference; lastKnownFileType = text.plist.xml; path = Info.plist; sourceTree = "<group>"; };
		6B3609FD1E35B17600D9712F /* 1.jpg */ = {isa = PBXFileReference; lastKnownFileType = image.jpeg; path = 1.jpg; sourceTree = "<group>"; };
		6B3609FE1E35B17600D9712F /* 2.jpg */ = {isa = PBXFileReference; lastKnownFileType = image.jpeg; path = 2.jpg; sourceTree = "<group>"; };
		6B3609FF1E35B17600D9712F /* 3.jpg */ = {isa = PBXFileReference; lastKnownFileType = image.jpeg; path = 3.jpg; sourceTree = "<group>"; };
		6B360A031E35B19800D9712F /* SLSegueOneViewController.swift */ = {isa = PBXFileReference; fileEncoding = 4; lastKnownFileType = sourcecode.swift; path = SLSegueOneViewController.swift; sourceTree = "<group>"; };
		6B360A051E35B1A700D9712F /* SLSegueTwoViewController.swift */ = {isa = PBXFileReference; fileEncoding = 4; lastKnownFileType = sourcecode.swift; path = SLSegueTwoViewController.swift; sourceTree = "<group>"; };
/* End PBXFileReference section */

/* Begin PBXFrameworksBuildPhase section */
		6B3609E41E35AA7B00D9712F /* Frameworks */ = {
			isa = PBXFrameworksBuildPhase;
			buildActionMask = 2147483647;
			files = (
			);
			runOnlyForDeploymentPostprocessing = 0;
		};
/* End PBXFrameworksBuildPhase section */

/* Begin PBXGroup section */
		6B3609DE1E35AA7B00D9712F = {
			isa = PBXGroup;
			children = (
				6B3609E91E35AA7B00D9712F /* Project 33 */,
				6B3609E81E35AA7B00D9712F /* Products */,
			);
			sourceTree = "<group>";
		};
		6B3609E81E35AA7B00D9712F /* Products */ = {
			isa = PBXGroup;
			children = (
				6B3609E71E35AA7B00D9712F /* Project 33.app */,
			);
			name = Products;
			sourceTree = "<group>";
		};
		6B3609E91E35AA7B00D9712F /* Project 33 */ = {
			isa = PBXGroup;
			children = (
				6B3609EA1E35AA7B00D9712F /* AppDelegate.swift */,
				6B3609EC1E35AA7B00D9712F /* ViewController.swift */,
				6B360A031E35B19800D9712F /* SLSegueOneViewController.swift */,
				6B360A051E35B1A700D9712F /* SLSegueTwoViewController.swift */,
				6B3609EE1E35AA7B00D9712F /* Main.storyboard */,
				6B3609F11E35AA7B00D9712F /* Assets.xcassets */,
				6B3609F31E35AA7B00D9712F /* LaunchScreen.storyboard */,
				6B3609F61E35AA7B00D9712F /* Info.plist */,
				6B3609FC1E35AADA00D9712F /* resources */,
			);
			path = "Project 33";
			sourceTree = "<group>";
		};
		6B3609FC1E35AADA00D9712F /* resources */ = {
			isa = PBXGroup;
			children = (
				6B3609FD1E35B17600D9712F /* 1.jpg */,
				6B3609FE1E35B17600D9712F /* 2.jpg */,
				6B3609FF1E35B17600D9712F /* 3.jpg */,
			);
			name = resources;
			sourceTree = "<group>";
		};
/* End PBXGroup section */

/* Begin PBXNativeTarget section */
		6B3609E61E35AA7B00D9712F /* Project 33 */ = {
			isa = PBXNativeTarget;
			buildConfigurationList = 6B3609F91E35AA7B00D9712F /* Build configuration list for PBXNativeTarget "Project 33" */;
			buildPhases = (
				6B3609E31E35AA7B00D9712F /* Sources */,
				6B3609E41E35AA7B00D9712F /* Frameworks */,
				6B3609E51E35AA7B00D9712F /* Resources */,
			);
			buildRules = (
			);
			dependencies = (
			);
			name = "Project 33";
			productName = "Project 33";
			productReference = 6B3609E71E35AA7B00D9712F /* Project 33.app */;
			productType = "com.apple.product-type.application";
		};
/* End PBXNativeTarget section */

/* Begin PBXProject section */
		6B3609DF1E35AA7B00D9712F /* Project object */ = {
			isa = PBXProject;
			attributes = {
				LastSwiftUpdateCheck = 0820;
				LastUpgradeCheck = 0820;
				ORGANIZATIONNAME = santos;
				TargetAttributes = {
					6B3609E61E35AA7B00D9712F = {
						CreatedOnToolsVersion = 8.2.1;
						DevelopmentTeam = ZZB45K6B6Q;
						ProvisioningStyle = Automatic;
					};
				};
			};
			buildConfigurationList = 6B3609E21E35AA7B00D9712F /* Build configuration list for PBXProject "Project 33" */;
			compatibilityVersion = "Xcode 3.2";
			developmentRegion = English;
			hasScannedForEncodings = 0;
			knownRegions = (
				en,
				Base,
			);
			mainGroup = 6B3609DE1E35AA7B00D9712F;
			productRefGroup = 6B3609E81E35AA7B00D9712F /* Products */;
			projectDirPath = "";
			projectRoot = "";
			targets = (
				6B3609E61E35AA7B00D9712F /* Project 33 */,
			);
		};
/* End PBXProject section */

/* Begin PBXResourcesBuildPhase section */
		6B3609E51E35AA7B00D9712F /* Resources */ = {
			isa = PBXResourcesBuildPhase;
			buildActionMask = 2147483647;
			files = (
				6B3609F51E35AA7B00D9712F /* LaunchScreen.storyboard in Resources */,
				6B360A001E35B17600D9712F /* 1.jpg in Resources */,
				6B360A011E35B17600D9712F /* 2.jpg in Resources */,
				6B360A021E35B17600D9712F /* 3.jpg in Resources */,
				6B3609F21E35AA7B00D9712F /* Assets.xcassets in Resources */,
				6B3609F01E35AA7B00D9712F /* Main.storyboard in Resources */,
			);
			runOnlyForDeploymentPostprocessing = 0;
		};
/* End PBXResourcesBuildPhase section */

/* Begin PBXSourcesBuildPhase section */
		6B3609E31E35AA7B00D9712F /* Sources */ = {
			isa = PBXSourcesBuildPhase;
			buildActionMask = 2147483647;
			files = (
				6B360A041E35B19900D9712F /* SLSegueOneViewController.swift in Sources */,
				6B3609ED1E35AA7B00D9712F /* ViewController.swift in Sources */,
				6B360A061E35B1A700D9712F /* SLSegueTwoViewController.swift in Sources */,
				6B3609EB1E35AA7B00D9712F /* AppDelegate.swift in Sources */,
			);
			runOnlyForDeploymentPostprocessing = 0;
		};
/* End PBXSourcesBuildPhase section */

/* Begin PBXVariantGroup section */
		6B3609EE1E35AA7B00D9712F /* Main.storyboard */ = {
			isa = PBXVariantGroup;
			children = (
				6B3609EF1E35AA7B00D9712F /* Base */,
			);
			name = Main.storyboard;
			sourceTree = "<group>";
		};
		6B3609F31E35AA7B00D9712F /* LaunchScreen.storyboard */ = {
			isa = PBXVariantGroup;
			children = (
				6B3609F41E35AA7B00D9712F /* Base */,
			);
			name = LaunchScreen.storyboard;
			sourceTree = "<group>";
		};
/* End PBXVariantGroup section */

/* Begin XCBuildConfiguration section */
		6B3609F71E35AA7B00D9712F /* Debug */ = {
			isa = XCBuildConfiguration;
			buildSettings = {
				ALWAYS_SEARCH_USER_PATHS = NO;
				CLANG_ANALYZER_NONNULL = YES;
				CLANG_CXX_LANGUAGE_STANDARD = "gnu++0x";
				CLANG_CXX_LIBRARY = "libc++";
				CLANG_ENABLE_MODULES = YES;
				CLANG_ENABLE_OBJC_ARC = YES;
				CLANG_WARN_BOOL_CONVERSION = YES;
				CLANG_WARN_CONSTANT_CONVERSION = YES;
				CLANG_WARN_DIRECT_OBJC_ISA_USAGE = YES_ERROR;
				CLANG_WARN_DOCUMENTATION_COMMENTS = YES;
				CLANG_WARN_EMPTY_BODY = YES;
				CLANG_WARN_ENUM_CONVERSION = YES;
				CLANG_WARN_INFINITE_RECURSION = YES;
				CLANG_WARN_INT_CONVERSION = YES;
				CLANG_WARN_OBJC_ROOT_CLASS = YES_ERROR;
				CLANG_WARN_SUSPICIOUS_MOVE = YES;
				CLANG_WARN_UNREACHABLE_CODE = YES;
				CLANG_WARN__DUPLICATE_METHOD_MATCH = YES;
				"CODE_SIGN_IDENTITY[sdk=iphoneos*]" = "iPhone Developer";
				COPY_PHASE_STRIP = NO;
				DEBUG_INFORMATION_FORMAT = dwarf;
				ENABLE_STRICT_OBJC_MSGSEND = YES;
				ENABLE_TESTABILITY = YES;
				GCC_C_LANGUAGE_STANDARD = gnu99;
				GCC_DYNAMIC_NO_PIC = NO;
				GCC_NO_COMMON_BLOCKS = YES;
				GCC_OPTIMIZATION_LEVEL = 0;
				GCC_PREPROCESSOR_DEFINITIONS = (
					"DEBUG=1",
					"$(inherited)",
				);
				GCC_WARN_64_TO_32_BIT_CONVERSION = YES;
				GCC_WARN_ABOUT_RETURN_TYPE = YES_ERROR;
				GCC_WARN_UNDECLARED_SELECTOR = YES;
				GCC_WARN_UNINITIALIZED_AUTOS = YES_AGGRESSIVE;
				GCC_WARN_UNUSED_FUNCTION = YES;
				GCC_WARN_UNUSED_VARIABLE = YES;
				IPHONEOS_DEPLOYMENT_TARGET = 10.2;
				MTL_ENABLE_DEBUG_INFO = YES;
				ONLY_ACTIVE_ARCH = YES;
				SDKROOT = iphoneos;
				SWIFT_ACTIVE_COMPILATION_CONDITIONS = DEBUG;
				SWIFT_OPTIMIZATION_LEVEL = "-Onone";
			};
			name = Debug;
		};
		6B3609F81E35AA7B00D9712F /* Release */ = {
			isa = XCBuildConfiguration;
			buildSettings = {
				ALWAYS_SEARCH_USER_PATHS = NO;
				CLANG_ANALYZER_NONNULL = YES;
				CLANG_CXX_LANGUAGE_STANDARD = "gnu++0x";
				CLANG_CXX_LIBRARY = "libc++";
				CLANG_ENABLE_MODULES = YES;
				CLANG_ENABLE_OBJC_ARC = YES;
				CLANG_WARN_BOOL_CONVERSION = YES;
				CLANG_WARN_CONSTANT_CONVERSION = YES;
				CLANG_WARN_DIRECT_OBJC_ISA_USAGE = YES_ERROR;
				CLANG_WARN_DOCUMENTATION_COMMENTS = YES;
				CLANG_WARN_EMPTY_BODY = YES;
				CLANG_WARN_ENUM_CONVERSION = YES;
				CLANG_WARN_INFINITE_RECURSION = YES;
				CLANG_WARN_INT_CONVERSION = YES;
				CLANG_WARN_OBJC_ROOT_CLASS = YES_ERROR;
				CLANG_WARN_SUSPICIOUS_MOVE = YES;
				CLANG_WARN_UNREACHABLE_CODE = YES;
				CLANG_WARN__DUPLICATE_METHOD_MATCH = YES;
				"CODE_SIGN_IDENTITY[sdk=iphoneos*]" = "iPhone Developer";
				COPY_PHASE_STRIP = NO;
				DEBUG_INFORMATION_FORMAT = "dwarf-with-dsym";
				ENABLE_NS_ASSERTIONS = NO;
				ENABLE_STRICT_OBJC_MSGSEND = YES;
				GCC_C_LANGUAGE_STANDARD = gnu99;
				GCC_NO_COMMON_BLOCKS = YES;
				GCC_WARN_64_TO_32_BIT_CONVERSION = YES;
				GCC_WARN_ABOUT_RETURN_TYPE = YES_ERROR;
				GCC_WARN_UNDECLARED_SELECTOR = YES;
				GCC_WARN_UNINITIALIZED_AUTOS = YES_AGGRESSIVE;
				GCC_WARN_UNUSED_FUNCTION = YES;
				GCC_WARN_UNUSED_VARIABLE = YES;
				IPHONEOS_DEPLOYMENT_TARGET = 10.2;
				MTL_ENABLE_DEBUG_INFO = NO;
				SDKROOT = iphoneos;
				SWIFT_OPTIMIZATION_LEVEL = "-Owholemodule";
				VALIDATE_PRODUCT = YES;
			};
			name = Release;
		};
		6B3609FA1E35AA7B00D9712F /* Debug */ = {
			isa = XCBuildConfiguration;
			buildSettings = {
				ASSETCATALOG_COMPILER_APPICON_NAME = AppIcon;
				DEVELOPMENT_TEAM = ZZB45K6B6Q;
				INFOPLIST_FILE = "Project 33/Info.plist";
				LD_RUNPATH_SEARCH_PATHS = "$(inherited) @executable_path/Frameworks";
				PRODUCT_BUNDLE_IDENTIFIER = "com.100days.Project-33";
				PRODUCT_NAME = "$(TARGET_NAME)";
				SWIFT_VERSION = 3.0;
			};
			name = Debug;
		};
		6B3609FB1E35AA7B00D9712F /* Release */ = {
			isa = XCBuildConfiguration;
			buildSettings = {
				ASSETCATALOG_COMPILER_APPICON_NAME = AppIcon;
				DEVELOPMENT_TEAM = ZZB45K6B6Q;
				INFOPLIST_FILE = "Project 33/Info.plist";
				LD_RUNPATH_SEARCH_PATHS = "$(inherited) @executable_path/Frameworks";
				PRODUCT_BUNDLE_IDENTIFIER = "com.100days.Project-33";
				PRODUCT_NAME = "$(TARGET_NAME)";
				SWIFT_VERSION = 3.0;
			};
			name = Release;
		};
/* End XCBuildConfiguration section */

/* Begin XCConfigurationList section */
		6B3609E21E35AA7B00D9712F /* Build configuration list for PBXProject "Project 33" */ = {
			isa = XCConfigurationList;
			buildConfigurations = (
				6B3609F71E35AA7B00D9712F /* Debug */,
				6B3609F81E35AA7B00D9712F /* Release */,
			);
			defaultConfigurationIsVisible = 0;
			defaultConfigurationName = Release;
		};
		6B3609F91E35AA7B00D9712F /* Build configuration list for PBXNativeTarget "Project 33" */ = {
			isa = XCConfigurationList;
			buildConfigurations = (
				6B3609FA1E35AA7B00D9712F /* Debug */,
				6B3609FB1E35AA7B00D9712F /* Release */,
			);
			defaultConfigurationIsVisible = 0;
		};
/* End XCConfigurationList section */
	};
	rootObject = 6B3609DF1E35AA7B00D9712F /* Project object */;
}
