// !$*UTF8*$!
{
	archiveVersion = 1;
	classes = {
	};
	objectVersion = 46;
	objects = {

/* Begin PBXBuildFile section */
		6B3CDA391DBA03D300CD36D8 /* AppDelegate.swift in Sources */ = {isa = PBXBuildFile; fileRef = 6B3CDA381DBA03D300CD36D8 /* AppDelegate.swift */; };
		6B3CDA3B1DBA03D300CD36D8 /* ViewController.swift in Sources */ = {isa = PBXBuildFile; fileRef = 6B3CDA3A1DBA03D300CD36D8 /* ViewController.swift */; };
		6B3CDA3E1DBA03D300CD36D8 /* Main.storyboard in Resources */ = {isa = PBXBuildFile; fileRef = 6B3CDA3C1DBA03D300CD36D8 /* Main.storyboard */; };
		6B3CDA401DBA03D300CD36D8 /* Assets.xcassets in Resources */ = {isa = PBXBuildFile; fileRef = 6B3CDA3F1DBA03D300CD36D8 /* Assets.xcassets */; };
		6B3CDA431DBA03D300CD36D8 /* LaunchScreen.storyboard in Resources */ = {isa = PBXBuildFile; fileRef = 6B3CDA411DBA03D300CD36D8 /* LaunchScreen.storyboard */; };
		6B3CDA4E1DBA095300CD36D8 /* GoogleMobileAds.framework in Frameworks */ = {isa = PBXBuildFile; fileRef = 6B3CDA4D1DBA095300CD36D8 /* GoogleMobileAds.framework */; };
		6B3CDA501DBA0C8200CD36D8 /* GoogleService-Info.plist in Resources */ = {isa = PBXBuildFile; fileRef = 6B3CDA4F1DBA0C8200CD36D8 /* GoogleService-Info.plist */; };
/* End PBXBuildFile section */

/* Begin PBXFileReference section */
		6B3CDA351DBA03D300CD36D8 /* Project 03.app */ = {isa = PBXFileReference; explicitFileType = wrapper.application; includeInIndex = 0; path = "Project 03.app"; sourceTree = BUILT_PRODUCTS_DIR; };
		6B3CDA381DBA03D300CD36D8 /* AppDelegate.swift */ = {isa = PBXFileReference; lastKnownFileType = sourcecode.swift; path = AppDelegate.swift; sourceTree = "<group>"; };
		6B3CDA3A1DBA03D300CD36D8 /* ViewController.swift */ = {isa = PBXFileReference; lastKnownFileType = sourcecode.swift; path = ViewController.swift; sourceTree = "<group>"; };
		6B3CDA3D1DBA03D300CD36D8 /* Base */ = {isa = PBXFileReference; lastKnownFileType = file.storyboard; name = Base; path = Base.lproj/Main.storyboard; sourceTree = "<group>"; };
		6B3CDA3F1DBA03D300CD36D8 /* Assets.xcassets */ = {isa = PBXFileReference; lastKnownFileType = folder.assetcatalog; path = Assets.xcassets; sourceTree = "<group>"; };
		6B3CDA421DBA03D300CD36D8 /* Base */ = {isa = PBXFileReference; lastKnownFileType = file.storyboard; name = Base; path = Base.lproj/LaunchScreen.storyboard; sourceTree = "<group>"; };
		6B3CDA441DBA03D300CD36D8 /* Info.plist */ = {isa = PBXFileReference; lastKnownFileType = text.plist.xml; path = Info.plist; sourceTree = "<group>"; };
		6B3CDA4D1DBA095300CD36D8 /* GoogleMobileAds.framework */ = {isa = PBXFileReference; lastKnownFileType = wrapper.framework; path = GoogleMobileAds.framework; sourceTree = "<group>"; };
		6B3CDA4F1DBA0C8200CD36D8 /* GoogleService-Info.plist */ = {isa = PBXFileReference; fileEncoding = 4; lastKnownFileType = text.plist.xml; path = "GoogleService-Info.plist"; sourceTree = "<group>"; };
/* End PBXFileReference section */

/* Begin PBXFrameworksBuildPhase section */
		6B3CDA321DBA03D300CD36D8 /* Frameworks */ = {
			isa = PBXFrameworksBuildPhase;
			buildActionMask = 2147483647;
			files = (
				6B3CDA4E1DBA095300CD36D8 /* GoogleMobileAds.framework in Frameworks */,
			);
			runOnlyForDeploymentPostprocessing = 0;
		};
/* End PBXFrameworksBuildPhase section */

/* Begin PBXGroup section */
		6B3CDA2C1DBA03D300CD36D8 = {
			isa = PBXGroup;
			children = (
				6B3CDA371DBA03D300CD36D8 /* Project 03 */,
				6B3CDA361DBA03D300CD36D8 /* Products */,
				6B3CDA4D1DBA095300CD36D8 /* GoogleMobileAds.framework */,
			);
			sourceTree = "<group>";
		};
		6B3CDA361DBA03D300CD36D8 /* Products */ = {
			isa = PBXGroup;
			children = (
				6B3CDA351DBA03D300CD36D8 /* Project 03.app */,
			);
			name = Products;
			sourceTree = "<group>";
		};
		6B3CDA371DBA03D300CD36D8 /* Project 03 */ = {
			isa = PBXGroup;
			children = (
				6B3CDA381DBA03D300CD36D8 /* AppDelegate.swift */,
				6B3CDA3A1DBA03D300CD36D8 /* ViewController.swift */,
				6B3CDA3C1DBA03D300CD36D8 /* Main.storyboard */,
				6B3CDA3F1DBA03D300CD36D8 /* Assets.xcassets */,
				6B3CDA411DBA03D300CD36D8 /* LaunchScreen.storyboard */,
				6B3CDA441DBA03D300CD36D8 /* Info.plist */,
				6B3CDA4F1DBA0C8200CD36D8 /* GoogleService-Info.plist */,
			);
			path = "Project 03";
			sourceTree = "<group>";
		};
/* End PBXGroup section */

/* Begin PBXNativeTarget section */
		6B3CDA341DBA03D300CD36D8 /* Project 03 */ = {
			isa = PBXNativeTarget;
			buildConfigurationList = 6B3CDA471DBA03D300CD36D8 /* Build configuration list for PBXNativeTarget "Project 03" */;
			buildPhases = (
				6B3CDA311DBA03D300CD36D8 /* Sources */,
				6B3CDA321DBA03D300CD36D8 /* Frameworks */,
				6B3CDA331DBA03D300CD36D8 /* Resources */,
			);
			buildRules = (
			);
			dependencies = (
			);
			name = "Project 03";
			productName = "Project 03";
			productReference = 6B3CDA351DBA03D300CD36D8 /* Project 03.app */;
			productType = "com.apple.product-type.application";
		};
/* End PBXNativeTarget section */

/* Begin PBXProject section */
		6B3CDA2D1DBA03D300CD36D8 /* Project object */ = {
			isa = PBXProject;
			attributes = {
				LastSwiftUpdateCheck = 0800;
				LastUpgradeCheck = 0800;
				ORGANIZATIONNAME = santos;
				TargetAttributes = {
					6B3CDA341DBA03D300CD36D8 = {
						CreatedOnToolsVersion = 8.0;
						DevelopmentTeam = ZZB45K6B6Q;
						ProvisioningStyle = Automatic;
					};
				};
			};
			buildConfigurationList = 6B3CDA301DBA03D300CD36D8 /* Build configuration list for PBXProject "Project 03" */;
			compatibilityVersion = "Xcode 3.2";
			developmentRegion = English;
			hasScannedForEncodings = 0;
			knownRegions = (
				en,
				Base,
			);
			mainGroup = 6B3CDA2C1DBA03D300CD36D8;
			productRefGroup = 6B3CDA361DBA03D300CD36D8 /* Products */;
			projectDirPath = "";
			projectRoot = "";
			targets = (
				6B3CDA341DBA03D300CD36D8 /* Project 03 */,
			);
		};
/* End PBXProject section */

/* Begin PBXResourcesBuildPhase section */
		6B3CDA331DBA03D300CD36D8 /* Resources */ = {
			isa = PBXResourcesBuildPhase;
			buildActionMask = 2147483647;
			files = (
				6B3CDA431DBA03D300CD36D8 /* LaunchScreen.storyboard in Resources */,
				6B3CDA501DBA0C8200CD36D8 /* GoogleService-Info.plist in Resources */,
				6B3CDA401DBA03D300CD36D8 /* Assets.xcassets in Resources */,
				6B3CDA3E1DBA03D300CD36D8 /* Main.storyboard in Resources */,
			);
			runOnlyForDeploymentPostprocessing = 0;
		};
/* End PBXResourcesBuildPhase section */

/* Begin PBXSourcesBuildPhase section */
		6B3CDA311DBA03D300CD36D8 /* Sources */ = {
			isa = PBXSourcesBuildPhase;
			buildActionMask = 2147483647;
			files = (
				6B3CDA3B1DBA03D300CD36D8 /* ViewController.swift in Sources */,
				6B3CDA391DBA03D300CD36D8 /* AppDelegate.swift in Sources */,
			);
			runOnlyForDeploymentPostprocessing = 0;
		};
/* End PBXSourcesBuildPhase section */

/* Begin PBXVariantGroup section */
		6B3CDA3C1DBA03D300CD36D8 /* Main.storyboard */ = {
			isa = PBXVariantGroup;
			children = (
				6B3CDA3D1DBA03D300CD36D8 /* Base */,
			);
			name = Main.storyboard;
			sourceTree = "<group>";
		};
		6B3CDA411DBA03D300CD36D8 /* LaunchScreen.storyboard */ = {
			isa = PBXVariantGroup;
			children = (
				6B3CDA421DBA03D300CD36D8 /* Base */,
			);
			name = LaunchScreen.storyboard;
			sourceTree = "<group>";
		};
/* End PBXVariantGroup section */

/* Begin XCBuildConfiguration section */
		6B3CDA451DBA03D300CD36D8 /* Debug */ = {
			isa = XCBuildConfiguration;
			buildSettings = {
				ALWAYS_SEARCH_USER_PATHS = NO;
				CLANG_ANALYZER_NONNULL = YES;
				CLANG_CXX_LANGUAGE_STANDARD = "gnu++0x";
				CLANG_CXX_LIBRARY = "libc++";
				CLANG_ENABLE_MODULES = YES;
				CLANG_ENABLE_OBJC_ARC = YES;
				CLANG_WARN_BOOL_CONVERSION = YES;
				CLANG_WARN_CONSTANT_CONVERSION = YES;
				CLANG_WARN_DIRECT_OBJC_ISA_USAGE = YES_ERROR;
				CLANG_WARN_DOCUMENTATION_COMMENTS = YES;
				CLANG_WARN_EMPTY_BODY = YES;
				CLANG_WARN_ENUM_CONVERSION = YES;
				CLANG_WARN_INFINITE_RECURSION = YES;
				CLANG_WARN_INT_CONVERSION = YES;
				CLANG_WARN_OBJC_ROOT_CLASS = YES_ERROR;
				CLANG_WARN_SUSPICIOUS_MOVES = YES;
				CLANG_WARN_UNREACHABLE_CODE = YES;
				CLANG_WARN__DUPLICATE_METHOD_MATCH = YES;
				"CODE_SIGN_IDENTITY[sdk=iphoneos*]" = "iPhone Developer";
				COPY_PHASE_STRIP = NO;
				DEBUG_INFORMATION_FORMAT = dwarf;
				ENABLE_STRICT_OBJC_MSGSEND = YES;
				ENABLE_TESTABILITY = YES;
				GCC_C_LANGUAGE_STANDARD = gnu99;
				GCC_DYNAMIC_NO_PIC = NO;
				GCC_NO_COMMON_BLOCKS = YES;
				GCC_OPTIMIZATION_LEVEL = 0;
				GCC_PREPROCESSOR_DEFINITIONS = (
					"DEBUG=1",
					"$(inherited)",
				);
				GCC_WARN_64_TO_32_BIT_CONVERSION = YES;
				GCC_WARN_ABOUT_RETURN_TYPE = YES_ERROR;
				GCC_WARN_UNDECLARED_SELECTOR = YES;
				GCC_WARN_UNINITIALIZED_AUTOS = YES_AGGRESSIVE;
				GCC_WARN_UNUSED_FUNCTION = YES;
				GCC_WARN_UNUSED_VARIABLE = YES;
				IPHONEOS_DEPLOYMENT_TARGET = 10.0;
				MTL_ENABLE_DEBUG_INFO = YES;
				ONLY_ACTIVE_ARCH = YES;
				SDKROOT = iphoneos;
				SWIFT_ACTIVE_COMPILATION_CONDITIONS = DEBUG;
				SWIFT_OPTIMIZATION_LEVEL = "-Onone";
			};
			name = Debug;
		};
		6B3CDA461DBA03D300CD36D8 /* Release */ = {
			isa = XCBuildConfiguration;
			buildSettings = {
				ALWAYS_SEARCH_USER_PATHS = NO;
				CLANG_ANALYZER_NONNULL = YES;
				CLANG_CXX_LANGUAGE_STANDARD = "gnu++0x";
				CLANG_CXX_LIBRARY = "libc++";
				CLANG_ENABLE_MODULES = YES;
				CLANG_ENABLE_OBJC_ARC = YES;
				CLANG_WARN_BOOL_CONVERSION = YES;
				CLANG_WARN_CONSTANT_CONVERSION = YES;
				CLANG_WARN_DIRECT_OBJC_ISA_USAGE = YES_ERROR;
				CLANG_WARN_DOCUMENTATION_COMMENTS = YES;
				CLANG_WARN_EMPTY_BODY = YES;
				CLANG_WARN_ENUM_CONVERSION = YES;
				CLANG_WARN_INFINITE_RECURSION = YES;
				CLANG_WARN_INT_CONVERSION = YES;
				CLANG_WARN_OBJC_ROOT_CLASS = YES_ERROR;
				CLANG_WARN_SUSPICIOUS_MOVES = YES;
				CLANG_WARN_UNREACHABLE_CODE = YES;
				CLANG_WARN__DUPLICATE_METHOD_MATCH = YES;
				"CODE_SIGN_IDENTITY[sdk=iphoneos*]" = "iPhone Developer";
				COPY_PHASE_STRIP = NO;
				DEBUG_INFORMATION_FORMAT = "dwarf-with-dsym";
				ENABLE_NS_ASSERTIONS = NO;
				ENABLE_STRICT_OBJC_MSGSEND = YES;
				GCC_C_LANGUAGE_STANDARD = gnu99;
				GCC_NO_COMMON_BLOCKS = YES;
				GCC_WARN_64_TO_32_BIT_CONVERSION = YES;
				GCC_WARN_ABOUT_RETURN_TYPE = YES_ERROR;
				GCC_WARN_UNDECLARED_SELECTOR = YES;
				GCC_WARN_UNINITIALIZED_AUTOS = YES_AGGRESSIVE;
				GCC_WARN_UNUSED_FUNCTION = YES;
				GCC_WARN_UNUSED_VARIABLE = YES;
				IPHONEOS_DEPLOYMENT_TARGET = 10.0;
				MTL_ENABLE_DEBUG_INFO = NO;
				SDKROOT = iphoneos;
				SWIFT_OPTIMIZATION_LEVEL = "-Owholemodule";
				VALIDATE_PRODUCT = YES;
			};
			name = Release;
		};
		6B3CDA481DBA03D300CD36D8 /* Debug */ = {
			isa = XCBuildConfiguration;
			buildSettings = {
				ASSETCATALOG_COMPILER_APPICON_NAME = AppIcon;
				DEVELOPMENT_TEAM = ZZB45K6B6Q;
				FRAMEWORK_SEARCH_PATHS = (
					"$(inherited)",
					"$(PROJECT_DIR)",
				);
				INFOPLIST_FILE = "Project 03/Info.plist";
				LD_RUNPATH_SEARCH_PATHS = "$(inherited) @executable_path/Frameworks";
				PRODUCT_BUNDLE_IDENTIFIER = "com.100days.Project-03";
				PRODUCT_NAME = "$(TARGET_NAME)";
				SWIFT_VERSION = 3.0;
			};
			name = Debug;
		};
		6B3CDA491DBA03D300CD36D8 /* Release */ = {
			isa = XCBuildConfiguration;
			buildSettings = {
				ASSETCATALOG_COMPILER_APPICON_NAME = AppIcon;
				DEVELOPMENT_TEAM = ZZB45K6B6Q;
				FRAMEWORK_SEARCH_PATHS = (
					"$(inherited)",
					"$(PROJECT_DIR)",
				);
				INFOPLIST_FILE = "Project 03/Info.plist";
				LD_RUNPATH_SEARCH_PATHS = "$(inherited) @executable_path/Frameworks";
				PRODUCT_BUNDLE_IDENTIFIER = "com.100days.Project-03";
				PRODUCT_NAME = "$(TARGET_NAME)";
				SWIFT_VERSION = 3.0;
			};
			name = Release;
		};
/* End XCBuildConfiguration section */

/* Begin XCConfigurationList section */
		6B3CDA301DBA03D300CD36D8 /* Build configuration list for PBXProject "Project 03" */ = {
			isa = XCConfigurationList;
			buildConfigurations = (
				6B3CDA451DBA03D300CD36D8 /* Debug */,
				6B3CDA461DBA03D300CD36D8 /* Release */,
			);
			defaultConfigurationIsVisible = 0;
			defaultConfigurationName = Release;
		};
		6B3CDA471DBA03D300CD36D8 /* Build configuration list for PBXNativeTarget "Project 03" */ = {
			isa = XCConfigurationList;
			buildConfigurations = (
				6B3CDA481DBA03D300CD36D8 /* Debug */,
				6B3CDA491DBA03D300CD36D8 /* Release */,
			);
			defaultConfigurationIsVisible = 0;
			defaultConfigurationName = Release;
		};
/* End XCConfigurationList section */
	};
	rootObject = 6B3CDA2D1DBA03D300CD36D8 /* Project object */;
}
