// !$*UTF8*$!
{
	archiveVersion = 1;
	classes = {
	};
	objectVersion = 46;
	objects = {

/* Begin PBXBuildFile section */
		6B4AC32A1DC9E6B700895AA9 /* AppDelegate.swift in Sources */ = {isa = PBXBuildFile; fileRef = 6B4AC3291DC9E6B700895AA9 /* AppDelegate.swift */; };
		6B4AC32F1DC9E6B700895AA9 /* Main.storyboard in Resources */ = {isa = PBXBuildFile; fileRef = 6B4AC32D1DC9E6B700895AA9 /* Main.storyboard */; };
		6B4AC3311DC9E6B700895AA9 /* Assets.xcassets in Resources */ = {isa = PBXBuildFile; fileRef = 6B4AC3301DC9E6B700895AA9 /* Assets.xcassets */; };
		6B4AC3341DC9E6B700895AA9 /* LaunchScreen.storyboard in Resources */ = {isa = PBXBuildFile; fileRef = 6B4AC3321DC9E6B700895AA9 /* LaunchScreen.storyboard */; };
		6B4AC33C1DC9E74000895AA9 /* SLTableViewController.swift in Sources */ = {isa = PBXBuildFile; fileRef = 6B4AC33B1DC9E74000895AA9 /* SLTableViewController.swift */; };
		6B4AC3431DC9EF6000895AA9 /* SLAddHeroViewController.swift in Sources */ = {isa = PBXBuildFile; fileRef = 6B4AC3411DC9EF6000895AA9 /* SLAddHeroViewController.swift */; };
/* End PBXBuildFile section */

/* Begin PBXFileReference section */
		6B4AC3261DC9E6B700895AA9 /* Project 12.app */ = {isa = PBXFileReference; explicitFileType = wrapper.application; includeInIndex = 0; path = "Project 12.app"; sourceTree = BUILT_PRODUCTS_DIR; };
		6B4AC3291DC9E6B700895AA9 /* AppDelegate.swift */ = {isa = PBXFileReference; lastKnownFileType = sourcecode.swift; path = AppDelegate.swift; sourceTree = "<group>"; };
		6B4AC32E1DC9E6B700895AA9 /* Base */ = {isa = PBXFileReference; lastKnownFileType = file.storyboard; name = Base; path = Base.lproj/Main.storyboard; sourceTree = "<group>"; };
		6B4AC3301DC9E6B700895AA9 /* Assets.xcassets */ = {isa = PBXFileReference; lastKnownFileType = folder.assetcatalog; path = Assets.xcassets; sourceTree = "<group>"; };
		6B4AC3331DC9E6B700895AA9 /* Base */ = {isa = PBXFileReference; lastKnownFileType = file.storyboard; name = Base; path = Base.lproj/LaunchScreen.storyboard; sourceTree = "<group>"; };
		6B4AC3351DC9E6B700895AA9 /* Info.plist */ = {isa = PBXFileReference; lastKnownFileType = text.plist.xml; path = Info.plist; sourceTree = "<group>"; };
		6B4AC33B1DC9E74000895AA9 /* SLTableViewController.swift */ = {isa = PBXFileReference; fileEncoding = 4; lastKnownFileType = sourcecode.swift; path = SLTableViewController.swift; sourceTree = "<group>"; };
		6B4AC3411DC9EF6000895AA9 /* SLAddHeroViewController.swift */ = {isa = PBXFileReference; fileEncoding = 4; lastKnownFileType = sourcecode.swift; path = SLAddHeroViewController.swift; sourceTree = "<group>"; };
/* End PBXFileReference section */

/* Begin PBXFrameworksBuildPhase section */
		6B4AC3231DC9E6B700895AA9 /* Frameworks */ = {
			isa = PBXFrameworksBuildPhase;
			buildActionMask = 2147483647;
			files = (
			);
			runOnlyForDeploymentPostprocessing = 0;
		};
/* End PBXFrameworksBuildPhase section */

/* Begin PBXGroup section */
		6B4AC31D1DC9E6B700895AA9 = {
			isa = PBXGroup;
			children = (
				6B4AC3281DC9E6B700895AA9 /* Project 12 */,
				6B4AC3271DC9E6B700895AA9 /* Products */,
			);
			sourceTree = "<group>";
		};
		6B4AC3271DC9E6B700895AA9 /* Products */ = {
			isa = PBXGroup;
			children = (
				6B4AC3261DC9E6B700895AA9 /* Project 12.app */,
			);
			name = Products;
			sourceTree = "<group>";
		};
		6B4AC3281DC9E6B700895AA9 /* Project 12 */ = {
			isa = PBXGroup;
			children = (
				6B4AC3291DC9E6B700895AA9 /* AppDelegate.swift */,
				6B4AC32D1DC9E6B700895AA9 /* Main.storyboard */,
				6B4AC3301DC9E6B700895AA9 /* Assets.xcassets */,
				6B4AC3321DC9E6B700895AA9 /* LaunchScreen.storyboard */,
				6B4AC3351DC9E6B700895AA9 /* Info.plist */,
				6B4AC33B1DC9E74000895AA9 /* SLTableViewController.swift */,
				6B4AC3411DC9EF6000895AA9 /* SLAddHeroViewController.swift */,
			);
			path = "Project 12";
			sourceTree = "<group>";
		};
/* End PBXGroup section */

/* Begin PBXNativeTarget section */
		6B4AC3251DC9E6B700895AA9 /* Project 12 */ = {
			isa = PBXNativeTarget;
			buildConfigurationList = 6B4AC3381DC9E6B700895AA9 /* Build configuration list for PBXNativeTarget "Project 12" */;
			buildPhases = (
				6B4AC3221DC9E6B700895AA9 /* Sources */,
				6B4AC3231DC9E6B700895AA9 /* Frameworks */,
				6B4AC3241DC9E6B700895AA9 /* Resources */,
			);
			buildRules = (
			);
			dependencies = (
			);
			name = "Project 12";
			productName = "Project 12";
			productReference = 6B4AC3261DC9E6B700895AA9 /* Project 12.app */;
			productType = "com.apple.product-type.application";
		};
/* End PBXNativeTarget section */

/* Begin PBXProject section */
		6B4AC31E1DC9E6B700895AA9 /* Project object */ = {
			isa = PBXProject;
			attributes = {
				LastSwiftUpdateCheck = 0810;
				LastUpgradeCheck = 0810;
				ORGANIZATIONNAME = santos;
				TargetAttributes = {
					6B4AC3251DC9E6B700895AA9 = {
						CreatedOnToolsVersion = 8.1;
						DevelopmentTeam = ZZB45K6B6Q;
						ProvisioningStyle = Automatic;
					};
				};
			};
			buildConfigurationList = 6B4AC3211DC9E6B700895AA9 /* Build configuration list for PBXProject "Project 12" */;
			compatibilityVersion = "Xcode 3.2";
			developmentRegion = English;
			hasScannedForEncodings = 0;
			knownRegions = (
				en,
				Base,
			);
			mainGroup = 6B4AC31D1DC9E6B700895AA9;
			productRefGroup = 6B4AC3271DC9E6B700895AA9 /* Products */;
			projectDirPath = "";
			projectRoot = "";
			targets = (
				6B4AC3251DC9E6B700895AA9 /* Project 12 */,
			);
		};
/* End PBXProject section */

/* Begin PBXResourcesBuildPhase section */
		6B4AC3241DC9E6B700895AA9 /* Resources */ = {
			isa = PBXResourcesBuildPhase;
			buildActionMask = 2147483647;
			files = (
				6B4AC3341DC9E6B700895AA9 /* LaunchScreen.storyboard in Resources */,
				6B4AC3311DC9E6B700895AA9 /* Assets.xcassets in Resources */,
				6B4AC32F1DC9E6B700895AA9 /* Main.storyboard in Resources */,
			);
			runOnlyForDeploymentPostprocessing = 0;
		};
/* End PBXResourcesBuildPhase section */

/* Begin PBXSourcesBuildPhase section */
		6B4AC3221DC9E6B700895AA9 /* Sources */ = {
			isa = PBXSourcesBuildPhase;
			buildActionMask = 2147483647;
			files = (
				6B4AC33C1DC9E74000895AA9 /* SLTableViewController.swift in Sources */,
				6B4AC3431DC9EF6000895AA9 /* SLAddHeroViewController.swift in Sources */,
				6B4AC32A1DC9E6B700895AA9 /* AppDelegate.swift in Sources */,
			);
			runOnlyForDeploymentPostprocessing = 0;
		};
/* End PBXSourcesBuildPhase section */

/* Begin PBXVariantGroup section */
		6B4AC32D1DC9E6B700895AA9 /* Main.storyboard */ = {
			isa = PBXVariantGroup;
			children = (
				6B4AC32E1DC9E6B700895AA9 /* Base */,
			);
			name = Main.storyboard;
			sourceTree = "<group>";
		};
		6B4AC3321DC9E6B700895AA9 /* LaunchScreen.storyboard */ = {
			isa = PBXVariantGroup;
			children = (
				6B4AC3331DC9E6B700895AA9 /* Base */,
			);
			name = LaunchScreen.storyboard;
			sourceTree = "<group>";
		};
/* End PBXVariantGroup section */

/* Begin XCBuildConfiguration section */
		6B4AC3361DC9E6B700895AA9 /* Debug */ = {
			isa = XCBuildConfiguration;
			buildSettings = {
				ALWAYS_SEARCH_USER_PATHS = NO;
				CLANG_ANALYZER_NONNULL = YES;
				CLANG_CXX_LANGUAGE_STANDARD = "gnu++0x";
				CLANG_CXX_LIBRARY = "libc++";
				CLANG_ENABLE_MODULES = YES;
				CLANG_ENABLE_OBJC_ARC = YES;
				CLANG_WARN_BOOL_CONVERSION = YES;
				CLANG_WARN_CONSTANT_CONVERSION = YES;
				CLANG_WARN_DIRECT_OBJC_ISA_USAGE = YES_ERROR;
				CLANG_WARN_DOCUMENTATION_COMMENTS = YES;
				CLANG_WARN_EMPTY_BODY = YES;
				CLANG_WARN_ENUM_CONVERSION = YES;
				CLANG_WARN_INFINITE_RECURSION = YES;
				CLANG_WARN_INT_CONVERSION = YES;
				CLANG_WARN_OBJC_ROOT_CLASS = YES_ERROR;
				CLANG_WARN_SUSPICIOUS_MOVES = YES;
				CLANG_WARN_UNREACHABLE_CODE = YES;
				CLANG_WARN__DUPLICATE_METHOD_MATCH = YES;
				"CODE_SIGN_IDENTITY[sdk=iphoneos*]" = "iPhone Developer";
				COPY_PHASE_STRIP = NO;
				DEBUG_INFORMATION_FORMAT = dwarf;
				ENABLE_STRICT_OBJC_MSGSEND = YES;
				ENABLE_TESTABILITY = YES;
				GCC_C_LANGUAGE_STANDARD = gnu99;
				GCC_DYNAMIC_NO_PIC = NO;
				GCC_NO_COMMON_BLOCKS = YES;
				GCC_OPTIMIZATION_LEVEL = 0;
				GCC_PREPROCESSOR_DEFINITIONS = (
					"DEBUG=1",
					"$(inherited)",
				);
				GCC_WARN_64_TO_32_BIT_CONVERSION = YES;
				GCC_WARN_ABOUT_RETURN_TYPE = YES_ERROR;
				GCC_WARN_UNDECLARED_SELECTOR = YES;
				GCC_WARN_UNINITIALIZED_AUTOS = YES_AGGRESSIVE;
				GCC_WARN_UNUSED_FUNCTION = YES;
				GCC_WARN_UNUSED_VARIABLE = YES;
				IPHONEOS_DEPLOYMENT_TARGET = 10.1;
				MTL_ENABLE_DEBUG_INFO = YES;
				ONLY_ACTIVE_ARCH = YES;
				SDKROOT = iphoneos;
				SWIFT_ACTIVE_COMPILATION_CONDITIONS = DEBUG;
				SWIFT_OPTIMIZATION_LEVEL = "-Onone";
			};
			name = Debug;
		};
		6B4AC3371DC9E6B700895AA9 /* Release */ = {
			isa = XCBuildConfiguration;
			buildSettings = {
				ALWAYS_SEARCH_USER_PATHS = NO;
				CLANG_ANALYZER_NONNULL = YES;
				CLANG_CXX_LANGUAGE_STANDARD = "gnu++0x";
				CLANG_CXX_LIBRARY = "libc++";
				CLANG_ENABLE_MODULES = YES;
				CLANG_ENABLE_OBJC_ARC = YES;
				CLANG_WARN_BOOL_CONVERSION = YES;
				CLANG_WARN_CONSTANT_CONVERSION = YES;
				CLANG_WARN_DIRECT_OBJC_ISA_USAGE = YES_ERROR;
				CLANG_WARN_DOCUMENTATION_COMMENTS = YES;
				CLANG_WARN_EMPTY_BODY = YES;
				CLANG_WARN_ENUM_CONVERSION = YES;
				CLANG_WARN_INFINITE_RECURSION = YES;
				CLANG_WARN_INT_CONVERSION = YES;
				CLANG_WARN_OBJC_ROOT_CLASS = YES_ERROR;
				CLANG_WARN_SUSPICIOUS_MOVES = YES;
				CLANG_WARN_UNREACHABLE_CODE = YES;
				CLANG_WARN__DUPLICATE_METHOD_MATCH = YES;
				"CODE_SIGN_IDENTITY[sdk=iphoneos*]" = "iPhone Developer";
				COPY_PHASE_STRIP = NO;
				DEBUG_INFORMATION_FORMAT = "dwarf-with-dsym";
				ENABLE_NS_ASSERTIONS = NO;
				ENABLE_STRICT_OBJC_MSGSEND = YES;
				GCC_C_LANGUAGE_STANDARD = gnu99;
				GCC_NO_COMMON_BLOCKS = YES;
				GCC_WARN_64_TO_32_BIT_CONVERSION = YES;
				GCC_WARN_ABOUT_RETURN_TYPE = YES_ERROR;
				GCC_WARN_UNDECLARED_SELECTOR = YES;
				GCC_WARN_UNINITIALIZED_AUTOS = YES_AGGRESSIVE;
				GCC_WARN_UNUSED_FUNCTION = YES;
				GCC_WARN_UNUSED_VARIABLE = YES;
				IPHONEOS_DEPLOYMENT_TARGET = 10.1;
				MTL_ENABLE_DEBUG_INFO = NO;
				SDKROOT = iphoneos;
				SWIFT_OPTIMIZATION_LEVEL = "-Owholemodule";
				VALIDATE_PRODUCT = YES;
			};
			name = Release;
		};
		6B4AC3391DC9E6B700895AA9 /* Debug */ = {
			isa = XCBuildConfiguration;
			buildSettings = {
				ASSETCATALOG_COMPILER_APPICON_NAME = AppIcon;
				DEVELOPMENT_TEAM = ZZB45K6B6Q;
				INFOPLIST_FILE = "Project 12/Info.plist";
				LD_RUNPATH_SEARCH_PATHS = "$(inherited) @executable_path/Frameworks";
				PRODUCT_BUNDLE_IDENTIFIER = "com.100days.Project-12";
				PRODUCT_NAME = "$(TARGET_NAME)";
				SWIFT_VERSION = 3.0;
			};
			name = Debug;
		};
		6B4AC33A1DC9E6B700895AA9 /* Release */ = {
			isa = XCBuildConfiguration;
			buildSettings = {
				ASSETCATALOG_COMPILER_APPICON_NAME = AppIcon;
				DEVELOPMENT_TEAM = ZZB45K6B6Q;
				INFOPLIST_FILE = "Project 12/Info.plist";
				LD_RUNPATH_SEARCH_PATHS = "$(inherited) @executable_path/Frameworks";
				PRODUCT_BUNDLE_IDENTIFIER = "com.100days.Project-12";
				PRODUCT_NAME = "$(TARGET_NAME)";
				SWIFT_VERSION = 3.0;
			};
			name = Release;
		};
/* End XCBuildConfiguration section */

/* Begin XCConfigurationList section */
		6B4AC3211DC9E6B700895AA9 /* Build configuration list for PBXProject "Project 12" */ = {
			isa = XCConfigurationList;
			buildConfigurations = (
				6B4AC3361DC9E6B700895AA9 /* Debug */,
				6B4AC3371DC9E6B700895AA9 /* Release */,
			);
			defaultConfigurationIsVisible = 0;
			defaultConfigurationName = Release;
		};
		6B4AC3381DC9E6B700895AA9 /* Build configuration list for PBXNativeTarget "Project 12" */ = {
			isa = XCConfigurationList;
			buildConfigurations = (
				6B4AC3391DC9E6B700895AA9 /* Debug */,
				6B4AC33A1DC9E6B700895AA9 /* Release */,
			);
			defaultConfigurationIsVisible = 0;
		};
/* End XCConfigurationList section */
	};
	rootObject = 6B4AC31E1DC9E6B700895AA9 /* Project object */;
}
